
Microsoft Visual Studio Solution File, Format Version 12.00
# Visual Studio Version 17
VisualStudioVersion = 17.13.35818.85 d17.13
MinimumVisualStudioVersion = 10.0.40219.1
Project("{888888A0-9F3D-457C-B088-3A5042F75D52}") = "demo_slot_machine", "demo_slot_machine\demo_slot_machine.pyproj", "{35C917F9-4E36-4BC9-BE90-E672CDF0ABE8}"
EndProject
Global
	GlobalSection(SolutionConfigurationPlatforms) = preSolution
		Debug|Any CPU = Debug|Any CPU
		Release|Any CPU = Release|Any CPU
	EndGlobalSection
	GlobalSection(ProjectConfigurationPlatforms) = postSolution
		{35C917F9-4E36-4BC9-BE90-E672CDF0ABE8}.Debug|Any CPU.ActiveCfg = Debug|Any CPU
		{35C917F9-4E36-4BC9-BE90-E672CDF0ABE8}.Release|Any CPU.ActiveCfg = Release|Any CPU
	EndGlobalSection
	GlobalSection(SolutionProperties) = preSolution
		HideSolutionNode = FALSE
	EndGlobalSection
	GlobalSection(ExtensibilityGlobals) = postSolution
		SolutionGuid = {7A4F9D06-07E3-4BD5-BB96-D868AEAC8C1D}
	EndGlobalSection
EndGlobal
